
Microsoft Visual Studio Solution File, Format Version 11.00
# Visual C++ Express 2010
Project("{8BC9CEB8-8B4A-11D0-8D11-00A0C91BC942}") = "rdppass", "rdppass\rdppass.vcxproj", "{93D07375-5BA0-4EE5-BE8F-68B0DF187BFF}"
EndProject
Project("{8BC9CEB8-8B4A-11D0-8D11-00A0C91BC942}") = "testPass", "testPass\testPass.vcxproj", "{7616C72B-2571-4DF9-8BF7-8B32359CE489}"
EndProject
Global
	GlobalSection(SolutionConfigurationPlatforms) = preSolution
		Debug|Win32 = Debug|Win32
		Release|Win32 = Release|Win32
	EndGlobalSection
	GlobalSection(ProjectConfigurationPlatforms) = postSolution
		{93D07375-5BA0-4EE5-BE8F-68B0DF187BFF}.Debug|Win32.ActiveCfg = Debug|Win32
		{93D07375-5BA0-4EE5-BE8F-68B0DF187BFF}.Debug|Win32.Build.0 = Debug|Win32
		{93D07375-5BA0-4EE5-BE8F-68B0DF187BFF}.Release|Win32.ActiveCfg = Release|Win32
		{93D07375-5BA0-4EE5-BE8F-68B0DF187BFF}.Release|Win32.Build.0 = Release|Win32
		{7616C72B-2571-4DF9-8BF7-8B32359CE489}.Debug|Win32.ActiveCfg = Debug|Win32
		{7616C72B-2571-4DF9-8BF7-8B32359CE489}.Debug|Win32.Build.0 = Debug|Win32
		{7616C72B-2571-4DF9-8BF7-8B32359CE489}.Release|Win32.ActiveCfg = Release|Win32
		{7616C72B-2571-4DF9-8BF7-8B32359CE489}.Release|Win32.Build.0 = Release|Win32
	EndGlobalSection
	GlobalSection(SolutionProperties) = preSolution
		HideSolutionNode = FALSE
	EndGlobalSection
EndGlobal
